
Microsoft Visual Studio Solution File, Format Version 12.00
# Visual Studio Version 16
VisualStudioVersion = 16.0.29519.181
MinimumVisualStudioVersion = 10.0.40219.1
Project("{FAE04EC0-301F-11D3-BF4B-00C04F79EFBC}") = "ClassWork-0908", "ClassWork-0908\ClassWork-0908.csproj", "{3ADF69B5-253E-4FC3-A70B-4256F6606AA1}"
EndProject
Global
	GlobalSection(SolutionConfigurationPlatforms) = preSolution
		Debug|Any CPU = Debug|Any CPU
		Release|Any CPU = Release|Any CPU
	EndGlobalSection
	GlobalSection(ProjectConfigurationPlatforms) = postSolution
		{3ADF69B5-253E-4FC3-A70B-4256F6606AA1}.Debug|Any CPU.ActiveCfg = Debug|Any CPU
		{3ADF69B5-253E-4FC3-A70B-4256F6606AA1}.Debug|Any CPU.Build.0 = Debug|Any CPU
		{3ADF69B5-253E-4FC3-A70B-4256F6606AA1}.Release|Any CPU.ActiveCfg = Release|Any CPU
		{3ADF69B5-253E-4FC3-A70B-4256F6606AA1}.Release|Any CPU.Build.0 = Release|Any CPU
	EndGlobalSection
	GlobalSection(SolutionProperties) = preSolution
		HideSolutionNode = FALSE
	EndGlobalSection
	GlobalSection(ExtensibilityGlobals) = postSolution
		SolutionGuid = {B7E5941D-4A79-4811-A468-98D881C223DE}
	EndGlobalSection
EndGlobal
